
Microsoft Visual Studio Solution File, Format Version 12.00
# Visual Studio 14
VisualStudioVersion = 14.0.25420.1
MinimumVisualStudioVersion = 10.0.40219.1
Project("{FAE04EC0-301F-11D3-BF4B-00C04F79EFBC}") = "HashCode", "HashCode\HashCode.csproj", "{A8C2B763-B93A-4422-ACD7-273C4081D564}"
EndProject
Project("{FAE04EC0-301F-11D3-BF4B-00C04F79EFBC}") = "HashCode.Client", "HashCode.Client\HashCode.Client.csproj", "{7D5991A7-9767-49ED-8D12-F3262884F036}"
EndProject
Project("{FAE04EC0-301F-11D3-BF4B-00C04F79EFBC}") = "HashCode.Test", "HashCode.Test\HashCode.Test.csproj", "{4DC84C78-3672-4FFB-9729-4D16721DDEE7}"
EndProject
Global
	GlobalSection(SolutionConfigurationPlatforms) = preSolution
		Debug|Any CPU = Debug|Any CPU
		Release|Any CPU = Release|Any CPU
	EndGlobalSection
	GlobalSection(ProjectConfigurationPlatforms) = postSolution
		{A8C2B763-B93A-4422-ACD7-273C4081D564}.Debug|Any CPU.ActiveCfg = Debug|Any CPU
		{A8C2B763-B93A-4422-ACD7-273C4081D564}.Debug|Any CPU.Build.0 = Debug|Any CPU
		{A8C2B763-B93A-4422-ACD7-273C4081D564}.Release|Any CPU.ActiveCfg = Release|Any CPU
		{A8C2B763-B93A-4422-ACD7-273C4081D564}.Release|Any CPU.Build.0 = Release|Any CPU
		{7D5991A7-9767-49ED-8D12-F3262884F036}.Debug|Any CPU.ActiveCfg = Debug|Any CPU
		{7D5991A7-9767-49ED-8D12-F3262884F036}.Debug|Any CPU.Build.0 = Debug|Any CPU
		{7D5991A7-9767-49ED-8D12-F3262884F036}.Release|Any CPU.ActiveCfg = Release|Any CPU
		{7D5991A7-9767-49ED-8D12-F3262884F036}.Release|Any CPU.Build.0 = Release|Any CPU
		{4DC84C78-3672-4FFB-9729-4D16721DDEE7}.Debug|Any CPU.ActiveCfg = Debug|Any CPU
		{4DC84C78-3672-4FFB-9729-4D16721DDEE7}.Debug|Any CPU.Build.0 = Debug|Any CPU
		{4DC84C78-3672-4FFB-9729-4D16721DDEE7}.Release|Any CPU.ActiveCfg = Release|Any CPU
		{4DC84C78-3672-4FFB-9729-4D16721DDEE7}.Release|Any CPU.Build.0 = Release|Any CPU
	EndGlobalSection
	GlobalSection(SolutionProperties) = preSolution
		HideSolutionNode = FALSE
	EndGlobalSection
EndGlobal
